# THIS IS AN AUTOGENERATED FILE. DO NOT EDIT THIS FILE DIRECTLY.
# yarn lockfile v1


tslib@^1.5.0:
  version "1.5.0"
  resolved "https://registry.yarnpkg.com/tslib/-/tslib-1.5.0.tgz#3bb50f871e5fdf9a4555a9ff237b730860048fea"

typescript@^2.1.5:
  version "2.1.5"
  resolved "https://registry.yarnpkg.com/typescript/-/typescript-2.1.5.tgz#6fe9479e00e01855247cea216e7561bafcdbcd4a"
